Microsoft Visual Studio Solution File, Format Version 12.00
# Visual Studio 14
VisualStudioVersion = 14.0.25420.1
MinimumVisualStudioVersion = 10.0.40219.1
Project("{2150E333-8FDC-42A3-9474-1A3956D46DE8}") = "thirdparty", "thirdparty", "{2A5787FE-06BD-472E-B2EE-375A414E5D7E}"
EndProject
Project("{8BC9CEB8-8B4A-11D0-8D11-00A0C91BC942}") = "gtest", "third_party\GTest\GTest\googletest\msvc\gtest.vcxproj", "{C8F6C172-56F2-4E76-B5FA-C3B423B31BE7}"
EndProject
Project("{8BC9CEB8-8B4A-11D0-8D11-00A0C91BC942}") = "gtest_main", "third_party\GTest\GTest\googletest\msvc\gtest_main.vcxproj", "{3AF54C8A-10BF-4332-9147-F68ED9862032}"
EndProject
Project("{8BC9CEB8-8B4A-11D0-8D11-00A0C91BC942}") = "GTUnitTest", "GTUnitTest\GTUnitTest.vcxproj", "{15F58D8C-1176-436D-87EF-E0AE98A29225}"
EndProject
Project("{8BC9CEB8-8B4A-11D0-8D11-00A0C91BC942}") = "libglog", "third_party\GLog\GLog\vsprojects\libglog\libglog.vcxproj", "{34BD04BD-BC1D-4BFC-AAFC-ED02D9E960F1}"
EndProject
Project("{8BC9CEB8-8B4A-11D0-8D11-00A0C91BC942}") = "GTUtlity", "GTUtlity\GTUtlity.vcxproj", "{E5251BA6-605E-450C-83CB-EA85B494C979}"
	ProjectSection(ProjectDependencies) = postProject
		{B84F7231-16CE-41D8-8C08-7B523FF4225B} = {B84F7231-16CE-41D8-8C08-7B523FF4225B}
		{34BD04BD-BC1D-4BFC-AAFC-ED02D9E960F1} = {34BD04BD-BC1D-4BFC-AAFC-ED02D9E960F1}
	EndProjectSection
EndProject
Project("{8BC9CEB8-8B4A-11D0-8D11-00A0C91BC942}") = "GTTest", "GTTest\GTTest.vcxproj", "{C5D53BD5-AB99-4560-8C02-EB9BDFBB12CD}"
	ProjectSection(ProjectDependencies) = postProject
		{E5251BA6-605E-450C-83CB-EA85B494C979} = {E5251BA6-605E-450C-83CB-EA85B494C979}
		{34BD04BD-BC1D-4BFC-AAFC-ED02D9E960F1} = {34BD04BD-BC1D-4BFC-AAFC-ED02D9E960F1}
	EndProjectSection
EndProject
Project("{8BC9CEB8-8B4A-11D0-8D11-00A0C91BC942}") = "lib_json", "third_party\JSONParser\jsoncpp-1.8.1\makefiles\vs71\lib_json.vcxproj", "{B84F7231-16CE-41D8-8C08-7B523FF4225B}"
EndProject
Project("{8BC9CEB8-8B4A-11D0-8D11-00A0C91BC942}") = "GT_Client4Test", "GTClient4Test\GT_Client4Test.vcxproj", "{883588CA-E832-46BC-81A8-E7D4D7BE4CB9}"
	ProjectSection(ProjectDependencies) = postProject
		{B84F7231-16CE-41D8-8C08-7B523FF4225B} = {B84F7231-16CE-41D8-8C08-7B523FF4225B}
		{E5251BA6-605E-450C-83CB-EA85B494C979} = {E5251BA6-605E-450C-83CB-EA85B494C979}
		{34BD04BD-BC1D-4BFC-AAFC-ED02D9E960F1} = {34BD04BD-BC1D-4BFC-AAFC-ED02D9E960F1}
	EndProjectSection
EndProject
Project("{8BC9CEB8-8B4A-11D0-8D11-00A0C91BC942}") = "GT_ExitHelper", "GTExitHelper\GT_ServerHelper.vcxproj", "{2B401F9A-EAA7-43E5-AECF-E64BB3D8A68B}"
EndProject
Project("{8BC9CEB8-8B4A-11D0-8D11-00A0C91BC942}") = "GT_IOCP", "GTIOCP\GT_IOCP.vcxproj", "{872C448C-A301-4C05-9C7F-2BBC633F3EDF}"
	ProjectSection(ProjectDependencies) = postProject
		{B84F7231-16CE-41D8-8C08-7B523FF4225B} = {B84F7231-16CE-41D8-8C08-7B523FF4225B}
		{E5251BA6-605E-450C-83CB-EA85B494C979} = {E5251BA6-605E-450C-83CB-EA85B494C979}
		{34BD04BD-BC1D-4BFC-AAFC-ED02D9E960F1} = {34BD04BD-BC1D-4BFC-AAFC-ED02D9E960F1}
	EndProjectSection
EndProject
Project("{8BC9CEB8-8B4A-11D0-8D11-00A0C91BC942}") = "GT_Libuv", "GTLibuvWrapper\GT_LibuvWrapper.vcxproj", "{542CC7AA-7B67-4B62-81E5-45071C0BB410}"
EndProject
Project("{8BC9CEB8-8B4A-11D0-8D11-00A0C91BC942}") = "GT_Select", "GTSelect\GT_Select.vcxproj", "{E2235600-29B7-4AB0-8D12-7A5A5648CE06}"
	ProjectSection(ProjectDependencies) = postProject
		{B84F7231-16CE-41D8-8C08-7B523FF4225B} = {B84F7231-16CE-41D8-8C08-7B523FF4225B}
		{E5251BA6-605E-450C-83CB-EA85B494C979} = {E5251BA6-605E-450C-83CB-EA85B494C979}
		{34BD04BD-BC1D-4BFC-AAFC-ED02D9E960F1} = {34BD04BD-BC1D-4BFC-AAFC-ED02D9E960F1}
	EndProjectSection
EndProject
Project("{8BC9CEB8-8B4A-11D0-8D11-00A0C91BC942}") = "GT_ServerWapper", "GTServerWapper\GT_Server_Wapper.vcxproj", "{9DBA48D6-7459-46A2-B810-89BCE1180045}"
	ProjectSection(ProjectDependencies) = postProject
		{E2235600-29B7-4AB0-8D12-7A5A5648CE06} = {E2235600-29B7-4AB0-8D12-7A5A5648CE06}
		{B84F7231-16CE-41D8-8C08-7B523FF4225B} = {B84F7231-16CE-41D8-8C08-7B523FF4225B}
		{872C448C-A301-4C05-9C7F-2BBC633F3EDF} = {872C448C-A301-4C05-9C7F-2BBC633F3EDF}
		{E5251BA6-605E-450C-83CB-EA85B494C979} = {E5251BA6-605E-450C-83CB-EA85B494C979}
		{34BD04BD-BC1D-4BFC-AAFC-ED02D9E960F1} = {34BD04BD-BC1D-4BFC-AAFC-ED02D9E960F1}
	EndProjectSection
EndProject
Project("{8BC9CEB8-8B4A-11D0-8D11-00A0C91BC942}") = "GT_Libevent", "GTLibevent\GT_Libevent.vcxproj", "{F336D8DF-9957-4F90-91B0-8B1383F74536}"
EndProject
Project("{8BC9CEB8-8B4A-11D0-8D11-00A0C91BC942}") = "GT_Asio", "GTAsio\GTAsio.vcxproj", "{7E89FB4F-6F25-4227-8E8D-BD8EE41EBC6D}"
EndProject
Project("{8BC9CEB8-8B4A-11D0-8D11-00A0C91BC942}") = "GT_Libev", "GTLibev\GTLibev.vcxproj", "{A7B26961-2655-4E93-875D-A5B47C44EC30}"
EndProject
Global
	GlobalSection(SolutionConfigurationPlatforms) = preSolution
		Debug|ARM = Debug|ARM
		Debug|x64 = Debug|x64
		Debug|x86 = Debug|x86
		dummy|ARM = dummy|ARM
		dummy|x64 = dummy|x64
		dummy|x86 = dummy|x86
		Release|ARM = Release|ARM
		Release|x64 = Release|x64
		Release|x86 = Release|x86
	EndGlobalSection
	GlobalSection(ProjectConfigurationPlatforms) = postSolution
		{C8F6C172-56F2-4E76-B5FA-C3B423B31BE7}.Debug|ARM.ActiveCfg = Debug|Win32
		{C8F6C172-56F2-4E76-B5FA-C3B423B31BE7}.Debug|x64.ActiveCfg = Debug|Win32
		{C8F6C172-56F2-4E76-B5FA-C3B423B31BE7}.Debug|x86.ActiveCfg = Debug|Win32
		{C8F6C172-56F2-4E76-B5FA-C3B423B31BE7}.Debug|x86.Build.0 = Debug|Win32
		{C8F6C172-56F2-4E76-B5FA-C3B423B31BE7}.dummy|ARM.ActiveCfg = Release|Win32
		{C8F6C172-56F2-4E76-B5FA-C3B423B31BE7}.dummy|ARM.Build.0 = Release|Win32
		{C8F6C172-56F2-4E76-B5FA-C3B423B31BE7}.dummy|x64.ActiveCfg = Release|Win32
		{C8F6C172-56F2-4E76-B5FA-C3B423B31BE7}.dummy|x64.Build.0 = Release|Win32
		{C8F6C172-56F2-4E76-B5FA-C3B423B31BE7}.dummy|x86.ActiveCfg = Debug|Win32
		{C8F6C172-56F2-4E76-B5FA-C3B423B31BE7}.dummy|x86.Build.0 = Debug|Win32
		{C8F6C172-56F2-4E76-B5FA-C3B423B31BE7}.Release|ARM.ActiveCfg = Release|Win32
		{C8F6C172-56F2-4E76-B5FA-C3B423B31BE7}.Release|x64.ActiveCfg = Release|Win32
		{C8F6C172-56F2-4E76-B5FA-C3B423B31BE7}.Release|x86.ActiveCfg = Release|Win32
		{C8F6C172-56F2-4E76-B5FA-C3B423B31BE7}.Release|x86.Build.0 = Release|Win32
		{3AF54C8A-10BF-4332-9147-F68ED9862032}.Debug|ARM.ActiveCfg = Debug|Win32
		{3AF54C8A-10BF-4332-9147-F68ED9862032}.Debug|x64.ActiveCfg = Debug|Win32
		{3AF54C8A-10BF-4332-9147-F68ED9862032}.Debug|x86.ActiveCfg = Debug|Win32
		{3AF54C8A-10BF-4332-9147-F68ED9862032}.Debug|x86.Build.0 = Debug|Win32
		{3AF54C8A-10BF-4332-9147-F68ED9862032}.dummy|ARM.ActiveCfg = Release|Win32
		{3AF54C8A-10BF-4332-9147-F68ED9862032}.dummy|ARM.Build.0 = Release|Win32
		{3AF54C8A-10BF-4332-9147-F68ED9862032}.dummy|x64.ActiveCfg = Release|Win32
		{3AF54C8A-10BF-4332-9147-F68ED9862032}.dummy|x64.Build.0 = Release|Win32
		{3AF54C8A-10BF-4332-9147-F68ED9862032}.dummy|x86.ActiveCfg = Debug|Win32
		{3AF54C8A-10BF-4332-9147-F68ED9862032}.dummy|x86.Build.0 = Debug|Win32
		{3AF54C8A-10BF-4332-9147-F68ED9862032}.Release|ARM.ActiveCfg = Release|Win32
		{3AF54C8A-10BF-4332-9147-F68ED9862032}.Release|x64.ActiveCfg = Release|Win32
		{3AF54C8A-10BF-4332-9147-F68ED9862032}.Release|x86.ActiveCfg = Release|Win32
		{3AF54C8A-10BF-4332-9147-F68ED9862032}.Release|x86.Build.0 = Release|Win32
		{15F58D8C-1176-436D-87EF-E0AE98A29225}.Debug|ARM.ActiveCfg = Debug|Win32
		{15F58D8C-1176-436D-87EF-E0AE98A29225}.Debug|x64.ActiveCfg = Debug|x64
		{15F58D8C-1176-436D-87EF-E0AE98A29225}.Debug|x64.Build.0 = Debug|x64
		{15F58D8C-1176-436D-87EF-E0AE98A29225}.Debug|x86.ActiveCfg = Debug|Win32
		{15F58D8C-1176-436D-87EF-E0AE98A29225}.Debug|x86.Build.0 = Debug|Win32
		{15F58D8C-1176-436D-87EF-E0AE98A29225}.dummy|ARM.ActiveCfg = Release|Win32
		{15F58D8C-1176-436D-87EF-E0AE98A29225}.dummy|ARM.Build.0 = Release|Win32
		{15F58D8C-1176-436D-87EF-E0AE98A29225}.dummy|x64.ActiveCfg = Debug|x64
		{15F58D8C-1176-436D-87EF-E0AE98A29225}.dummy|x64.Build.0 = Debug|x64
		{15F58D8C-1176-436D-87EF-E0AE98A29225}.dummy|x86.ActiveCfg = Debug|Win32
		{15F58D8C-1176-436D-87EF-E0AE98A29225}.dummy|x86.Build.0 = Debug|Win32
		{15F58D8C-1176-436D-87EF-E0AE98A29225}.Release|ARM.ActiveCfg = Release|Win32
		{15F58D8C-1176-436D-87EF-E0AE98A29225}.Release|x64.ActiveCfg = Release|x64
		{15F58D8C-1176-436D-87EF-E0AE98A29225}.Release|x64.Build.0 = Release|x64
		{15F58D8C-1176-436D-87EF-E0AE98A29225}.Release|x86.ActiveCfg = Release|Win32
		{15F58D8C-1176-436D-87EF-E0AE98A29225}.Release|x86.Build.0 = Release|Win32
		{34BD04BD-BC1D-4BFC-AAFC-ED02D9E960F1}.Debug|ARM.ActiveCfg = Debug|ARM
		{34BD04BD-BC1D-4BFC-AAFC-ED02D9E960F1}.Debug|ARM.Build.0 = Debug|ARM
		{34BD04BD-BC1D-4BFC-AAFC-ED02D9E960F1}.Debug|x64.ActiveCfg = Debug|x64
		{34BD04BD-BC1D-4BFC-AAFC-ED02D9E960F1}.Debug|x64.Build.0 = Debug|x64
		{34BD04BD-BC1D-4BFC-AAFC-ED02D9E960F1}.Debug|x86.ActiveCfg = Debug|Win32
		{34BD04BD-BC1D-4BFC-AAFC-ED02D9E960F1}.Debug|x86.Build.0 = Debug|Win32
		{34BD04BD-BC1D-4BFC-AAFC-ED02D9E960F1}.dummy|ARM.ActiveCfg = Debug|ARM
		{34BD04BD-BC1D-4BFC-AAFC-ED02D9E960F1}.dummy|ARM.Build.0 = Debug|ARM
		{34BD04BD-BC1D-4BFC-AAFC-ED02D9E960F1}.dummy|x64.ActiveCfg = Release|Win32
		{34BD04BD-BC1D-4BFC-AAFC-ED02D9E960F1}.dummy|x64.Build.0 = Release|Win32
		{34BD04BD-BC1D-4BFC-AAFC-ED02D9E960F1}.dummy|x86.ActiveCfg = Debug|Win32
		{34BD04BD-BC1D-4BFC-AAFC-ED02D9E960F1}.dummy|x86.Build.0 = Debug|Win32
		{34BD04BD-BC1D-4BFC-AAFC-ED02D9E960F1}.Release|ARM.ActiveCfg = Release|ARM
		{34BD04BD-BC1D-4BFC-AAFC-ED02D9E960F1}.Release|ARM.Build.0 = Release|ARM
		{34BD04BD-BC1D-4BFC-AAFC-ED02D9E960F1}.Release|x64.ActiveCfg = Release|x64
		{34BD04BD-BC1D-4BFC-AAFC-ED02D9E960F1}.Release|x64.Build.0 = Release|x64
		{34BD04BD-BC1D-4BFC-AAFC-ED02D9E960F1}.Release|x86.ActiveCfg = Release|Win32
		{34BD04BD-BC1D-4BFC-AAFC-ED02D9E960F1}.Release|x86.Build.0 = Release|Win32
		{E5251BA6-605E-450C-83CB-EA85B494C979}.Debug|ARM.ActiveCfg = Debug|Win32
		{E5251BA6-605E-450C-83CB-EA85B494C979}.Debug|x64.ActiveCfg = Debug|x64
		{E5251BA6-605E-450C-83CB-EA85B494C979}.Debug|x64.Build.0 = Debug|x64
		{E5251BA6-605E-450C-83CB-EA85B494C979}.Debug|x86.ActiveCfg = Debug|Win32
		{E5251BA6-605E-450C-83CB-EA85B494C979}.Debug|x86.Build.0 = Debug|Win32
		{E5251BA6-605E-450C-83CB-EA85B494C979}.dummy|ARM.ActiveCfg = Release|Win32
		{E5251BA6-605E-450C-83CB-EA85B494C979}.dummy|ARM.Build.0 = Release|Win32
		{E5251BA6-605E-450C-83CB-EA85B494C979}.dummy|x64.ActiveCfg = Debug|x64
		{E5251BA6-605E-450C-83CB-EA85B494C979}.dummy|x64.Build.0 = Debug|x64
		{E5251BA6-605E-450C-83CB-EA85B494C979}.dummy|x86.ActiveCfg = Debug|Win32
		{E5251BA6-605E-450C-83CB-EA85B494C979}.dummy|x86.Build.0 = Debug|Win32
		{E5251BA6-605E-450C-83CB-EA85B494C979}.Release|ARM.ActiveCfg = Release|Win32
		{E5251BA6-605E-450C-83CB-EA85B494C979}.Release|x64.ActiveCfg = Release|x64
		{E5251BA6-605E-450C-83CB-EA85B494C979}.Release|x64.Build.0 = Release|x64
		{E5251BA6-605E-450C-83CB-EA85B494C979}.Release|x86.ActiveCfg = Release|Win32
		{E5251BA6-605E-450C-83CB-EA85B494C979}.Release|x86.Build.0 = Release|Win32
		{C5D53BD5-AB99-4560-8C02-EB9BDFBB12CD}.Debug|ARM.ActiveCfg = Debug|Win32
		{C5D53BD5-AB99-4560-8C02-EB9BDFBB12CD}.Debug|x64.ActiveCfg = Debug|x64
		{C5D53BD5-AB99-4560-8C02-EB9BDFBB12CD}.Debug|x64.Build.0 = Debug|x64
		{C5D53BD5-AB99-4560-8C02-EB9BDFBB12CD}.Debug|x86.ActiveCfg = Debug|Win32
		{C5D53BD5-AB99-4560-8C02-EB9BDFBB12CD}.Debug|x86.Build.0 = Debug|Win32
		{C5D53BD5-AB99-4560-8C02-EB9BDFBB12CD}.dummy|ARM.ActiveCfg = Release|Win32
		{C5D53BD5-AB99-4560-8C02-EB9BDFBB12CD}.dummy|ARM.Build.0 = Release|Win32
		{C5D53BD5-AB99-4560-8C02-EB9BDFBB12CD}.dummy|x64.ActiveCfg = Debug|x64
		{C5D53BD5-AB99-4560-8C02-EB9BDFBB12CD}.dummy|x64.Build.0 = Debug|x64
		{C5D53BD5-AB99-4560-8C02-EB9BDFBB12CD}.dummy|x86.ActiveCfg = Debug|Win32
		{C5D53BD5-AB99-4560-8C02-EB9BDFBB12CD}.dummy|x86.Build.0 = Debug|Win32
		{C5D53BD5-AB99-4560-8C02-EB9BDFBB12CD}.Release|ARM.ActiveCfg = Release|Win32
		{C5D53BD5-AB99-4560-8C02-EB9BDFBB12CD}.Release|x64.ActiveCfg = Release|x64
		{C5D53BD5-AB99-4560-8C02-EB9BDFBB12CD}.Release|x64.Build.0 = Release|x64
		{C5D53BD5-AB99-4560-8C02-EB9BDFBB12CD}.Release|x86.ActiveCfg = Release|Win32
		{C5D53BD5-AB99-4560-8C02-EB9BDFBB12CD}.Release|x86.Build.0 = Release|Win32
		{B84F7231-16CE-41D8-8C08-7B523FF4225B}.Debug|ARM.ActiveCfg = Debug|Win32
		{B84F7231-16CE-41D8-8C08-7B523FF4225B}.Debug|x64.ActiveCfg = Debug|x64
		{B84F7231-16CE-41D8-8C08-7B523FF4225B}.Debug|x64.Build.0 = Debug|x64
		{B84F7231-16CE-41D8-8C08-7B523FF4225B}.Debug|x86.ActiveCfg = Debug|Win32
		{B84F7231-16CE-41D8-8C08-7B523FF4225B}.Debug|x86.Build.0 = Debug|Win32
		{B84F7231-16CE-41D8-8C08-7B523FF4225B}.dummy|ARM.ActiveCfg = dummy|Win32
		{B84F7231-16CE-41D8-8C08-7B523FF4225B}.dummy|x64.ActiveCfg = dummy|Win32
		{B84F7231-16CE-41D8-8C08-7B523FF4225B}.dummy|x86.ActiveCfg = dummy|Win32
		{B84F7231-16CE-41D8-8C08-7B523FF4225B}.dummy|x86.Build.0 = dummy|Win32
		{B84F7231-16CE-41D8-8C08-7B523FF4225B}.Release|ARM.ActiveCfg = Release|Win32
		{B84F7231-16CE-41D8-8C08-7B523FF4225B}.Release|x64.ActiveCfg = Release|x64
		{B84F7231-16CE-41D8-8C08-7B523FF4225B}.Release|x64.Build.0 = Release|x64
		{B84F7231-16CE-41D8-8C08-7B523FF4225B}.Release|x86.ActiveCfg = Release|Win32
		{B84F7231-16CE-41D8-8C08-7B523FF4225B}.Release|x86.Build.0 = Release|Win32
		{883588CA-E832-46BC-81A8-E7D4D7BE4CB9}.Debug|ARM.ActiveCfg = Debug|Win32
		{883588CA-E832-46BC-81A8-E7D4D7BE4CB9}.Debug|x64.ActiveCfg = Debug|x64
		{883588CA-E832-46BC-81A8-E7D4D7BE4CB9}.Debug|x64.Build.0 = Debug|x64
		{883588CA-E832-46BC-81A8-E7D4D7BE4CB9}.Debug|x86.ActiveCfg = Debug|Win32
		{883588CA-E832-46BC-81A8-E7D4D7BE4CB9}.Debug|x86.Build.0 = Debug|Win32
		{883588CA-E832-46BC-81A8-E7D4D7BE4CB9}.dummy|ARM.ActiveCfg = Release|x64
		{883588CA-E832-46BC-81A8-E7D4D7BE4CB9}.dummy|ARM.Build.0 = Release|x64
		{883588CA-E832-46BC-81A8-E7D4D7BE4CB9}.dummy|x64.ActiveCfg = Debug|x64
		{883588CA-E832-46BC-81A8-E7D4D7BE4CB9}.dummy|x64.Build.0 = Debug|x64
		{883588CA-E832-46BC-81A8-E7D4D7BE4CB9}.dummy|x86.ActiveCfg = Debug|Win32
		{883588CA-E832-46BC-81A8-E7D4D7BE4CB9}.dummy|x86.Build.0 = Debug|Win32
		{883588CA-E832-46BC-81A8-E7D4D7BE4CB9}.Release|ARM.ActiveCfg = Release|Win32
		{883588CA-E832-46BC-81A8-E7D4D7BE4CB9}.Release|x64.ActiveCfg = Release|x64
		{883588CA-E832-46BC-81A8-E7D4D7BE4CB9}.Release|x64.Build.0 = Release|x64
		{883588CA-E832-46BC-81A8-E7D4D7BE4CB9}.Release|x86.ActiveCfg = Release|Win32
		{883588CA-E832-46BC-81A8-E7D4D7BE4CB9}.Release|x86.Build.0 = Release|Win32
		{2B401F9A-EAA7-43E5-AECF-E64BB3D8A68B}.Debug|ARM.ActiveCfg = Debug|Win32
		{2B401F9A-EAA7-43E5-AECF-E64BB3D8A68B}.Debug|x64.ActiveCfg = Debug|x64
		{2B401F9A-EAA7-43E5-AECF-E64BB3D8A68B}.Debug|x64.Build.0 = Debug|x64
		{2B401F9A-EAA7-43E5-AECF-E64BB3D8A68B}.Debug|x86.ActiveCfg = Debug|Win32
		{2B401F9A-EAA7-43E5-AECF-E64BB3D8A68B}.Debug|x86.Build.0 = Debug|Win32
		{2B401F9A-EAA7-43E5-AECF-E64BB3D8A68B}.dummy|ARM.ActiveCfg = Release|x64
		{2B401F9A-EAA7-43E5-AECF-E64BB3D8A68B}.dummy|ARM.Build.0 = Release|x64
		{2B401F9A-EAA7-43E5-AECF-E64BB3D8A68B}.dummy|x64.ActiveCfg = Debug|x64
		{2B401F9A-EAA7-43E5-AECF-E64BB3D8A68B}.dummy|x64.Build.0 = Debug|x64
		{2B401F9A-EAA7-43E5-AECF-E64BB3D8A68B}.dummy|x86.ActiveCfg = Debug|Win32
		{2B401F9A-EAA7-43E5-AECF-E64BB3D8A68B}.dummy|x86.Build.0 = Debug|Win32
		{2B401F9A-EAA7-43E5-AECF-E64BB3D8A68B}.Release|ARM.ActiveCfg = Release|Win32
		{2B401F9A-EAA7-43E5-AECF-E64BB3D8A68B}.Release|x64.ActiveCfg = Release|x64
		{2B401F9A-EAA7-43E5-AECF-E64BB3D8A68B}.Release|x64.Build.0 = Release|x64
		{2B401F9A-EAA7-43E5-AECF-E64BB3D8A68B}.Release|x86.ActiveCfg = Release|Win32
		{2B401F9A-EAA7-43E5-AECF-E64BB3D8A68B}.Release|x86.Build.0 = Release|Win32
		{872C448C-A301-4C05-9C7F-2BBC633F3EDF}.Debug|ARM.ActiveCfg = Debug|Win32
		{872C448C-A301-4C05-9C7F-2BBC633F3EDF}.Debug|x64.ActiveCfg = Debug|x64
		{872C448C-A301-4C05-9C7F-2BBC633F3EDF}.Debug|x64.Build.0 = Debug|x64
		{872C448C-A301-4C05-9C7F-2BBC633F3EDF}.Debug|x86.ActiveCfg = Debug|Win32
		{872C448C-A301-4C05-9C7F-2BBC633F3EDF}.Debug|x86.Build.0 = Debug|Win32
		{872C448C-A301-4C05-9C7F-2BBC633F3EDF}.dummy|ARM.ActiveCfg = Release|x64
		{872C448C-A301-4C05-9C7F-2BBC633F3EDF}.dummy|ARM.Build.0 = Release|x64
		{872C448C-A301-4C05-9C7F-2BBC633F3EDF}.dummy|x64.ActiveCfg = Debug|x64
		{872C448C-A301-4C05-9C7F-2BBC633F3EDF}.dummy|x64.Build.0 = Debug|x64
		{872C448C-A301-4C05-9C7F-2BBC633F3EDF}.dummy|x86.ActiveCfg = Debug|Win32
		{872C448C-A301-4C05-9C7F-2BBC633F3EDF}.dummy|x86.Build.0 = Debug|Win32
		{872C448C-A301-4C05-9C7F-2BBC633F3EDF}.Release|ARM.ActiveCfg = Release|Win32
		{872C448C-A301-4C05-9C7F-2BBC633F3EDF}.Release|x64.ActiveCfg = Release|x64
		{872C448C-A301-4C05-9C7F-2BBC633F3EDF}.Release|x64.Build.0 = Release|x64
		{872C448C-A301-4C05-9C7F-2BBC633F3EDF}.Release|x86.ActiveCfg = Release|Win32
		{872C448C-A301-4C05-9C7F-2BBC633F3EDF}.Release|x86.Build.0 = Release|Win32
		{542CC7AA-7B67-4B62-81E5-45071C0BB410}.Debug|ARM.ActiveCfg = Debug|Win32
		{542CC7AA-7B67-4B62-81E5-45071C0BB410}.Debug|x64.ActiveCfg = Debug|x64
		{542CC7AA-7B67-4B62-81E5-45071C0BB410}.Debug|x64.Build.0 = Debug|x64
		{542CC7AA-7B67-4B62-81E5-45071C0BB410}.Debug|x86.ActiveCfg = Debug|Win32
		{542CC7AA-7B67-4B62-81E5-45071C0BB410}.Debug|x86.Build.0 = Debug|Win32
		{542CC7AA-7B67-4B62-81E5-45071C0BB410}.dummy|ARM.ActiveCfg = Release|x64
		{542CC7AA-7B67-4B62-81E5-45071C0BB410}.dummy|ARM.Build.0 = Release|x64
		{542CC7AA-7B67-4B62-81E5-45071C0BB410}.dummy|x64.ActiveCfg = Debug|x64
		{542CC7AA-7B67-4B62-81E5-45071C0BB410}.dummy|x64.Build.0 = Debug|x64
		{542CC7AA-7B67-4B62-81E5-45071C0BB410}.dummy|x86.ActiveCfg = Debug|Win32
		{542CC7AA-7B67-4B62-81E5-45071C0BB410}.dummy|x86.Build.0 = Debug|Win32
		{542CC7AA-7B67-4B62-81E5-45071C0BB410}.Release|ARM.ActiveCfg = Release|Win32
		{542CC7AA-7B67-4B62-81E5-45071C0BB410}.Release|x64.ActiveCfg = Release|x64
		{542CC7AA-7B67-4B62-81E5-45071C0BB410}.Release|x64.Build.0 = Release|x64
		{542CC7AA-7B67-4B62-81E5-45071C0BB410}.Release|x86.ActiveCfg = Release|Win32
		{542CC7AA-7B67-4B62-81E5-45071C0BB410}.Release|x86.Build.0 = Release|Win32
		{E2235600-29B7-4AB0-8D12-7A5A5648CE06}.Debug|ARM.ActiveCfg = Debug|Win32
		{E2235600-29B7-4AB0-8D12-7A5A5648CE06}.Debug|x64.ActiveCfg = Debug|x64
		{E2235600-29B7-4AB0-8D12-7A5A5648CE06}.Debug|x64.Build.0 = Debug|x64
		{E2235600-29B7-4AB0-8D12-7A5A5648CE06}.Debug|x86.ActiveCfg = Debug|Win32
		{E2235600-29B7-4AB0-8D12-7A5A5648CE06}.Debug|x86.Build.0 = Debug|Win32
		{E2235600-29B7-4AB0-8D12-7A5A5648CE06}.dummy|ARM.ActiveCfg = Release|x64
		{E2235600-29B7-4AB0-8D12-7A5A5648CE06}.dummy|ARM.Build.0 = Release|x64
		{E2235600-29B7-4AB0-8D12-7A5A5648CE06}.dummy|x64.ActiveCfg = Debug|x64
		{E2235600-29B7-4AB0-8D12-7A5A5648CE06}.dummy|x64.Build.0 = Debug|x64
		{E2235600-29B7-4AB0-8D12-7A5A5648CE06}.dummy|x86.ActiveCfg = Debug|Win32
		{E2235600-29B7-4AB0-8D12-7A5A5648CE06}.dummy|x86.Build.0 = Debug|Win32
		{E2235600-29B7-4AB0-8D12-7A5A5648CE06}.Release|ARM.ActiveCfg = Release|Win32
		{E2235600-29B7-4AB0-8D12-7A5A5648CE06}.Release|x64.ActiveCfg = Release|x64
		{E2235600-29B7-4AB0-8D12-7A5A5648CE06}.Release|x64.Build.0 = Release|x64
		{E2235600-29B7-4AB0-8D12-7A5A5648CE06}.Release|x86.ActiveCfg = Release|Win32
		{E2235600-29B7-4AB0-8D12-7A5A5648CE06}.Release|x86.Build.0 = Release|Win32
		{9DBA48D6-7459-46A2-B810-89BCE1180045}.Debug|ARM.ActiveCfg = Debug|Win32
		{9DBA48D6-7459-46A2-B810-89BCE1180045}.Debug|x64.ActiveCfg = Debug|x64
		{9DBA48D6-7459-46A2-B810-89BCE1180045}.Debug|x64.Build.0 = Debug|x64
		{9DBA48D6-7459-46A2-B810-89BCE1180045}.Debug|x86.ActiveCfg = Debug|Win32
		{9DBA48D6-7459-46A2-B810-89BCE1180045}.Debug|x86.Build.0 = Debug|Win32
		{9DBA48D6-7459-46A2-B810-89BCE1180045}.dummy|ARM.ActiveCfg = Release|x64
		{9DBA48D6-7459-46A2-B810-89BCE1180045}.dummy|ARM.Build.0 = Release|x64
		{9DBA48D6-7459-46A2-B810-89BCE1180045}.dummy|x64.ActiveCfg = Debug|x64
		{9DBA48D6-7459-46A2-B810-89BCE1180045}.dummy|x64.Build.0 = Debug|x64
		{9DBA48D6-7459-46A2-B810-89BCE1180045}.dummy|x86.ActiveCfg = Debug|Win32
		{9DBA48D6-7459-46A2-B810-89BCE1180045}.dummy|x86.Build.0 = Debug|Win32
		{9DBA48D6-7459-46A2-B810-89BCE1180045}.Release|ARM.ActiveCfg = Release|Win32
		{9DBA48D6-7459-46A2-B810-89BCE1180045}.Release|x64.ActiveCfg = Release|x64
		{9DBA48D6-7459-46A2-B810-89BCE1180045}.Release|x64.Build.0 = Release|x64
		{9DBA48D6-7459-46A2-B810-89BCE1180045}.Release|x86.ActiveCfg = Release|Win32
		{9DBA48D6-7459-46A2-B810-89BCE1180045}.Release|x86.Build.0 = Release|Win32
		{F336D8DF-9957-4F90-91B0-8B1383F74536}.Debug|ARM.ActiveCfg = Debug|Win32
		{F336D8DF-9957-4F90-91B0-8B1383F74536}.Debug|x64.ActiveCfg = Debug|x64
		{F336D8DF-9957-4F90-91B0-8B1383F74536}.Debug|x64.Build.0 = Debug|x64
		{F336D8DF-9957-4F90-91B0-8B1383F74536}.Debug|x86.ActiveCfg = Debug|Win32
		{F336D8DF-9957-4F90-91B0-8B1383F74536}.Debug|x86.Build.0 = Debug|Win32
		{F336D8DF-9957-4F90-91B0-8B1383F74536}.dummy|ARM.ActiveCfg = Release|x64
		{F336D8DF-9957-4F90-91B0-8B1383F74536}.dummy|ARM.Build.0 = Release|x64
		{F336D8DF-9957-4F90-91B0-8B1383F74536}.dummy|x64.ActiveCfg = Debug|x64
		{F336D8DF-9957-4F90-91B0-8B1383F74536}.dummy|x64.Build.0 = Debug|x64
		{F336D8DF-9957-4F90-91B0-8B1383F74536}.dummy|x86.ActiveCfg = Debug|Win32
		{F336D8DF-9957-4F90-91B0-8B1383F74536}.dummy|x86.Build.0 = Debug|Win32
		{F336D8DF-9957-4F90-91B0-8B1383F74536}.Release|ARM.ActiveCfg = Release|Win32
		{F336D8DF-9957-4F90-91B0-8B1383F74536}.Release|x64.ActiveCfg = Release|x64
		{F336D8DF-9957-4F90-91B0-8B1383F74536}.Release|x64.Build.0 = Release|x64
		{F336D8DF-9957-4F90-91B0-8B1383F74536}.Release|x86.ActiveCfg = Release|Win32
		{F336D8DF-9957-4F90-91B0-8B1383F74536}.Release|x86.Build.0 = Release|Win32
		{7E89FB4F-6F25-4227-8E8D-BD8EE41EBC6D}.Debug|ARM.ActiveCfg = Debug|Win32
		{7E89FB4F-6F25-4227-8E8D-BD8EE41EBC6D}.Debug|x64.ActiveCfg = Debug|x64
		{7E89FB4F-6F25-4227-8E8D-BD8EE41EBC6D}.Debug|x64.Build.0 = Debug|x64
		{7E89FB4F-6F25-4227-8E8D-BD8EE41EBC6D}.Debug|x86.ActiveCfg = Debug|Win32
		{7E89FB4F-6F25-4227-8E8D-BD8EE41EBC6D}.Debug|x86.Build.0 = Debug|Win32
		{7E89FB4F-6F25-4227-8E8D-BD8EE41EBC6D}.dummy|ARM.ActiveCfg = Release|x64
		{7E89FB4F-6F25-4227-8E8D-BD8EE41EBC6D}.dummy|ARM.Build.0 = Release|x64
		{7E89FB4F-6F25-4227-8E8D-BD8EE41EBC6D}.dummy|x64.ActiveCfg = Debug|x64
		{7E89FB4F-6F25-4227-8E8D-BD8EE41EBC6D}.dummy|x64.Build.0 = Debug|x64
		{7E89FB4F-6F25-4227-8E8D-BD8EE41EBC6D}.dummy|x86.ActiveCfg = Debug|Win32
		{7E89FB4F-6F25-4227-8E8D-BD8EE41EBC6D}.dummy|x86.Build.0 = Debug|Win32
		{7E89FB4F-6F25-4227-8E8D-BD8EE41EBC6D}.Release|ARM.ActiveCfg = Release|Win32
		{7E89FB4F-6F25-4227-8E8D-BD8EE41EBC6D}.Release|x64.ActiveCfg = Release|x64
		{7E89FB4F-6F25-4227-8E8D-BD8EE41EBC6D}.Release|x64.Build.0 = Release|x64
		{7E89FB4F-6F25-4227-8E8D-BD8EE41EBC6D}.Release|x86.ActiveCfg = Release|Win32
		{7E89FB4F-6F25-4227-8E8D-BD8EE41EBC6D}.Release|x86.Build.0 = Release|Win32
		{A7B26961-2655-4E93-875D-A5B47C44EC30}.Debug|ARM.ActiveCfg = Debug|Win32
		{A7B26961-2655-4E93-875D-A5B47C44EC30}.Debug|x64.ActiveCfg = Debug|x64
		{A7B26961-2655-4E93-875D-A5B47C44EC30}.Debug|x64.Build.0 = Debug|x64
		{A7B26961-2655-4E93-875D-A5B47C44EC30}.Debug|x86.ActiveCfg = Debug|Win32
		{A7B26961-2655-4E93-875D-A5B47C44EC30}.Debug|x86.Build.0 = Debug|Win32
		{A7B26961-2655-4E93-875D-A5B47C44EC30}.dummy|ARM.ActiveCfg = Release|x64
		{A7B26961-2655-4E93-875D-A5B47C44EC30}.dummy|ARM.Build.0 = Release|x64
		{A7B26961-2655-4E93-875D-A5B47C44EC30}.dummy|x64.ActiveCfg = Debug|x64
		{A7B26961-2655-4E93-875D-A5B47C44EC30}.dummy|x64.Build.0 = Debug|x64
		{A7B26961-2655-4E93-875D-A5B47C44EC30}.dummy|x86.ActiveCfg = Debug|Win32
		{A7B26961-2655-4E93-875D-A5B47C44EC30}.dummy|x86.Build.0 = Debug|Win32
		{A7B26961-2655-4E93-875D-A5B47C44EC30}.Release|ARM.ActiveCfg = Release|Win32
		{A7B26961-2655-4E93-875D-A5B47C44EC30}.Release|x64.ActiveCfg = Release|x64
		{A7B26961-2655-4E93-875D-A5B47C44EC30}.Release|x64.Build.0 = Release|x64
		{A7B26961-2655-4E93-875D-A5B47C44EC30}.Release|x86.ActiveCfg = Release|Win32
		{A7B26961-2655-4E93-875D-A5B47C44EC30}.Release|x86.Build.0 = Release|Win32
	EndGlobalSection
	GlobalSection(SolutionProperties) = preSolution
		HideSolutionNode = FALSE
	EndGlobalSection
	GlobalSection(NestedProjects) = preSolution
		{C8F6C172-56F2-4E76-B5FA-C3B423B31BE7} = {2A5787FE-06BD-472E-B2EE-375A414E5D7E}
		{3AF54C8A-10BF-4332-9147-F68ED9862032} = {2A5787FE-06BD-472E-B2EE-375A414E5D7E}
		{34BD04BD-BC1D-4BFC-AAFC-ED02D9E960F1} = {2A5787FE-06BD-472E-B2EE-375A414E5D7E}
		{B84F7231-16CE-41D8-8C08-7B523FF4225B} = {2A5787FE-06BD-472E-B2EE-375A414E5D7E}
	EndGlobalSection
EndGlobal
