<?xml version="1.0" encoding="utf-8"?>
<Project ToolsVersion="4.0" xmlns="http://schemas.microsoft.com/developer/msbuild/2003">
  <ItemGroup>
    <Text Include="ReadMe.txt" />
  </ItemGroup>
  <ItemGroup>
    <Filter Include="log">
      <UniqueIdentifier>{265bb511-b0ef-48ab-a0ac-f8464eb91434}</UniqueIdentifier>
    </Filter>
    <Filter Include="sysinfo">
      <UniqueIdentifier>{35793421-1ba4-40cd-a95f-be8328f788f6}</UniqueIdentifier>
    </Filter>
  </ItemGroup>
  <ItemGroup>
    <ClInclude Include="GT_Util_GlogWrapper.h">
      <Filter>log</Filter>
    </ClInclude>
    <ClInclude Include="GT_Util_OSInfo.h">
      <Filter>sysinfo</Filter>
    </ClInclude>
  </ItemGroup>
  <ItemGroup>
    <ClCompile Include="GT_Util_GlogWrapper.cpp">
      <Filter>log</Filter>
    </ClCompile>
    <ClCompile Include="GT_Util_OSInfo.cpp">
      <Filter>sysinfo</Filter>
    </ClCompile>
  </ItemGroup>
</Project>