<?xml version="1.0" encoding="utf-8"?>
<Project ToolsVersion="4.0" xmlns="http://schemas.microsoft.com/developer/msbuild/2003">
  <ItemGroup>
    <Text Include="ReadMe.txt" />
  </ItemGroup>
  <ItemGroup>
    <Filter Include="mulitythreads">
      <UniqueIdentifier>{0bc84981-004c-4daf-b51b-3d8470f98e83}</UniqueIdentifier>
    </Filter>
    <Filter Include="cfg_helper">
      <UniqueIdentifier>{fbc5d1ef-46cf-4f45-bfad-838a3417ad8e}</UniqueIdentifier>
    </Filter>
    <Filter Include="file_helper">
      <UniqueIdentifier>{6dd248d1-b1ec-4817-b500-b01c22c5d32b}</UniqueIdentifier>
    </Filter>
    <Filter Include="log_helper">
      <UniqueIdentifier>{265bb511-b0ef-48ab-a0ac-f8464eb91434}</UniqueIdentifier>
    </Filter>
    <Filter Include="sys_helper">
      <UniqueIdentifier>{35793421-1ba4-40cd-a95f-be8328f788f6}</UniqueIdentifier>
    </Filter>
    <Filter Include="cmd_parser">
      <UniqueIdentifier>{4e51f5b1-523f-4cbf-91f7-f2041423b0cf}</UniqueIdentifier>
    </Filter>
  </ItemGroup>
  <ItemGroup>
    <ClInclude Include="GT_Util_GlogWrapper.h">
      <Filter>log_helper</Filter>
    </ClInclude>
    <ClInclude Include="GT_Util_OSInfo.h">
      <Filter>sys_helper</Filter>
    </ClInclude>
    <ClInclude Include="GT_Util_ThreadPool.h">
      <Filter>mulitythreads</Filter>
    </ClInclude>
    <ClInclude Include="GT_Util_CfgHelper.h">
      <Filter>cfg_helper</Filter>
    </ClInclude>
    <ClInclude Include="GT_Util_FileHelper.h">
      <Filter>file_helper</Filter>
    </ClInclude>
    <ClInclude Include="GT_Util_CmdParser.h" />
  </ItemGroup>
  <ItemGroup>
    <ClCompile Include="GT_Util_GlogWrapper.cpp">
      <Filter>log_helper</Filter>
    </ClCompile>
    <ClCompile Include="GT_Util_OSInfo.cpp">
      <Filter>sys_helper</Filter>
    </ClCompile>
    <ClCompile Include="GT_Util_ThreadPool.cpp">
      <Filter>mulitythreads</Filter>
    </ClCompile>
    <ClCompile Include="GT_Util_CfgHelper.cpp">
      <Filter>cfg_helper</Filter>
    </ClCompile>
    <ClCompile Include="GT_Util_FileHelper.cpp">
      <Filter>file_helper</Filter>
    </ClCompile>
    <ClCompile Include="GT_Util_CmdParser.cpp" />
  </ItemGroup>
</Project>